<?xml version="1.0" encoding="utf-8"?>
<Project ToolsVersion="4.0" xmlns="http://schemas.microsoft.com/developer/msbuild/2003">
  <ItemGroup>
    <Filter Include="Source Files">
      <UniqueIdentifier>{4FC737F1-C7A5-4376-A066-2A32D752A2FF}</UniqueIdentifier>
      <Extensions>cpp;c;cc;cxx;def;odl;idl;hpj;bat;asm;asmx</Extensions>
    </Filter>
    <Filter Include="Header Files">
      <UniqueIdentifier>{93995380-89BD-4b04-88EB-625FBE52EBFB}</UniqueIdentifier>
      <Extensions>h;hh;hpp;hxx;hm;inl;inc;xsd</Extensions>
    </Filter>
    <Filter Include="Resource Files">
      <UniqueIdentifier>{67DA6AB6-F800-4c08-8B7A-83BB121AAD01}</UniqueIdentifier>
      <Extensions>rc;ico;cur;bmp;dlg;rc2;rct;bin;rgs;gif;jpg;jpeg;jpe;resx;tiff;tif;png;wav;mfcribbon-ms</Extensions>
    </Filter>
  </ItemGroup>
  <ItemGroup>
    <ClInclude Include="Stdafx.h">
      <Filter>Header Files</Filter>
    </ClInclude>
    <ClInclude Include="resource.h">
      <Filter>Header Files</Filter>
    </ClInclude>
    <ClInclude Include="C:\perl\lib\CORE\win32.h">
      <Filter>Header Files</Filter>
    </ClInclude>
    <ClInclude Include="C:\perl\lib\CORE\win32iop.h">
      <Filter>Header Files</Filter>
    </ClInclude>
    <ClInclude Include="C:\perl\lib\CORE\win32iop-o.h">
      <Filter>Header Files</Filter>
    </ClInclude>
    <ClInclude Include="C:\perl\lib\CORE\win32thread.h">
      <Filter>Header Files</Filter>
    </ClInclude>
    <ClInclude Include="C:\perl\lib\CORE\wince.h">
      <Filter>Header Files</Filter>
    </ClInclude>
    <ClInclude Include="C:\perl\lib\CORE\XSUB.h">
      <Filter>Header Files</Filter>
    </ClInclude>
    <ClInclude Include="C:\perl\lib\CORE\av.h">
      <Filter>Header Files</Filter>
    </ClInclude>
    <ClInclude Include="C:\perl\lib\CORE\bitcount.h">
      <Filter>Header Files</Filter>
    </ClInclude>
    <ClInclude Include="C:\perl\lib\CORE\charclass_invlists.h">
      <Filter>Header Files</Filter>
    </ClInclude>
    <ClInclude Include="C:\perl\lib\CORE\config.h">
      <Filter>Header Files</Filter>
    </ClInclude>
    <ClInclude Include="C:\perl\lib\CORE\cop.h">
      <Filter>Header Files</Filter>
    </ClInclude>
    <ClInclude Include="C:\perl\lib\CORE\cv.h">
      <Filter>Header Files</Filter>
    </ClInclude>
    <ClInclude Include="C:\perl\lib\CORE\dirent.h">
      <Filter>Header Files</Filter>
    </ClInclude>
    <ClInclude Include="C:\perl\lib\CORE\dosish.h">
      <Filter>Header Files</Filter>
    </ClInclude>
    <ClInclude Include="C:\perl\lib\CORE\ebcdic_tables.h">
      <Filter>Header Files</Filter>
    </ClInclude>
    <ClInclude Include="C:\perl\lib\CORE\embed.h">
      <Filter>Header Files</Filter>
    </ClInclude>
    <ClInclude Include="C:\perl\lib\CORE\embedvar.h">
      <Filter>Header Files</Filter>
    </ClInclude>
    <ClInclude Include="C:\perl\lib\CORE\EXTERN.h">
      <Filter>Header Files</Filter>
    </ClInclude>
    <ClInclude Include="C:\perl\lib\CORE\fakesdio.h">
      <Filter>Header Files</Filter>
    </ClInclude>
    <ClInclude Include="C:\perl\lib\CORE\feature.h">
      <Filter>Header Files</Filter>
    </ClInclude>
    <ClInclude Include="C:\perl\lib\CORE\form.h">
      <Filter>Header Files</Filter>
    </ClInclude>
    <ClInclude Include="C:\perl\lib\CORE\git_version.h">
      <Filter>Header Files</Filter>
    </ClInclude>
    <ClInclude Include="C:\perl\lib\CORE\gv.h">
      <Filter>Header Files</Filter>
    </ClInclude>
    <ClInclude Include="C:\perl\lib\CORE\handy.h">
      <Filter>Header Files</Filter>
    </ClInclude>
    <ClInclude Include="C:\perl\lib\CORE\hv.h">
      <Filter>Header Files</Filter>
    </ClInclude>
    <ClInclude Include="C:\perl\lib\CORE\hv_func.h">
      <Filter>Header Files</Filter>
    </ClInclude>
    <ClInclude Include="C:\perl\lib\CORE\inline.h">
      <Filter>Header Files</Filter>
    </ClInclude>
    <ClInclude Include="C:\perl\lib\CORE\INTERN.h">
      <Filter>Header Files</Filter>
    </ClInclude>
    <ClInclude Include="C:\perl\lib\CORE\intrpvar.h">
      <Filter>Header Files</Filter>
    </ClInclude>
    <ClInclude Include="C:\perl\lib\CORE\iperlsys.h">
      <Filter>Header Files</Filter>
    </ClInclude>
    <ClInclude Include="C:\perl\lib\CORE\keywords.h">
      <Filter>Header Files</Filter>
    </ClInclude>
    <ClInclude Include="C:\perl\lib\CORE\l1_char_class_tab.h">
      <Filter>Header Files</Filter>
    </ClInclude>
    <ClInclude Include="C:\perl\lib\CORE\malloc_ctl.h">
      <Filter>Header Files</Filter>
    </ClInclude>
    <ClInclude Include="C:\perl\lib\CORE\metaconfig.h">
      <Filter>Header Files</Filter>
    </ClInclude>
    <ClInclude Include="C:\perl\lib\CORE\mg.h">
      <Filter>Header Files</Filter>
    </ClInclude>
    <ClInclude Include="C:\perl\lib\CORE\mg_data.h">
      <Filter>Header Files</Filter>
    </ClInclude>
    <ClInclude Include="C:\perl\lib\CORE\mg_raw.h">
      <Filter>Header Files</Filter>
    </ClInclude>
    <ClInclude Include="C:\perl\lib\CORE\mg_vtable.h">
      <Filter>Header Files</Filter>
    </ClInclude>
    <ClInclude Include="C:\perl\lib\CORE\mydtrace.h">
      <Filter>Header Files</Filter>
    </ClInclude>
    <ClInclude Include="C:\perl\lib\CORE\netdb.h">
      <Filter>Header Files</Filter>
    </ClInclude>
    <ClInclude Include="C:\perl\lib\CORE\nostdio.h">
      <Filter>Header Files</Filter>
    </ClInclude>
    <ClInclude Include="C:\perl\lib\CORE\op.h">
      <Filter>Header Files</Filter>
    </ClInclude>
    <ClInclude Include="C:\perl\lib\CORE\op_reg_common.h">
      <Filter>Header Files</Filter>
    </ClInclude>
    <ClInclude Include="C:\perl\lib\CORE\opcode.h">
      <Filter>Header Files</Filter>
    </ClInclude>
    <ClInclude Include="C:\perl\lib\CORE\opnames.h">
      <Filter>Header Files</Filter>
    </ClInclude>
    <ClInclude Include="C:\perl\lib\CORE\overload.h">
      <Filter>Header Files</Filter>
    </ClInclude>
    <ClInclude Include="C:\perl\lib\CORE\pad.h">
      <Filter>Header Files</Filter>
    </ClInclude>
    <ClInclude Include="C:\perl\lib\CORE\parser.h">
      <Filter>Header Files</Filter>
    </ClInclude>
    <ClInclude Include="C:\perl\lib\CORE\patchlevel.h">
      <Filter>Header Files</Filter>
    </ClInclude>
    <ClInclude Include="C:\perl\lib\CORE\perl.h">
      <Filter>Header Files</Filter>
    </ClInclude>
    <ClInclude Include="C:\perl\lib\CORE\perlapi.h">
      <Filter>Header Files</Filter>
    </ClInclude>
    <ClInclude Include="C:\perl\lib\CORE\perlhost.h">
      <Filter>Header Files</Filter>
    </ClInclude>
    <ClInclude Include="C:\perl\lib\CORE\perlio.h">
      <Filter>Header Files</Filter>
    </ClInclude>
    <ClInclude Include="C:\perl\lib\CORE\perliol.h">
      <Filter>Header Files</Filter>
    </ClInclude>
    <ClInclude Include="C:\perl\lib\CORE\perllibst.h">
      <Filter>Header Files</Filter>
    </ClInclude>
    <ClInclude Include="C:\perl\lib\CORE\perlsdio.h">
      <Filter>Header Files</Filter>
    </ClInclude>
    <ClInclude Include="C:\perl\lib\CORE\perlvars.h">
      <Filter>Header Files</Filter>
    </ClInclude>
    <ClInclude Include="C:\perl\lib\CORE\perly.h">
      <Filter>Header Files</Filter>
    </ClInclude>
    <ClInclude Include="C:\perl\lib\CORE\pp.h">
      <Filter>Header Files</Filter>
    </ClInclude>
    <ClInclude Include="C:\perl\lib\CORE\pp_proto.h">
      <Filter>Header Files</Filter>
    </ClInclude>
    <ClInclude Include="C:\perl\lib\CORE\proto.h">
      <Filter>Header Files</Filter>
    </ClInclude>
    <ClInclude Include="C:\perl\lib\CORE\reentr.h">
      <Filter>Header Files</Filter>
    </ClInclude>
    <ClInclude Include="C:\perl\lib\CORE\regcharclass.h">
      <Filter>Header Files</Filter>
    </ClInclude>
    <ClInclude Include="C:\perl\lib\CORE\regcomp.h">
      <Filter>Header Files</Filter>
    </ClInclude>
    <ClInclude Include="C:\perl\lib\CORE\regexp.h">
      <Filter>Header Files</Filter>
    </ClInclude>
    <ClInclude Include="C:\perl\lib\CORE\regnodes.h">
      <Filter>Header Files</Filter>
    </ClInclude>
    <ClInclude Include="C:\perl\lib\CORE\scope.h">
      <Filter>Header Files</Filter>
    </ClInclude>
    <ClInclude Include="C:\perl\lib\CORE\sv.h">
      <Filter>Header Files</Filter>
    </ClInclude>
    <ClInclude Include="C:\perl\lib\CORE\thread.h">
      <Filter>Header Files</Filter>
    </ClInclude>
    <ClInclude Include="C:\perl\lib\CORE\time64.h">
      <Filter>Header Files</Filter>
    </ClInclude>
    <ClInclude Include="C:\perl\lib\CORE\time64_config.h">
      <Filter>Header Files</Filter>
    </ClInclude>
    <ClInclude Include="C:\perl\lib\CORE\uconfig.h">
      <Filter>Header Files</Filter>
    </ClInclude>
    <ClInclude Include="C:\perl\lib\CORE\unicode_constants.h">
      <Filter>Header Files</Filter>
    </ClInclude>
    <ClInclude Include="C:\perl\lib\CORE\unixish.h">
      <Filter>Header Files</Filter>
    </ClInclude>
    <ClInclude Include="C:\perl\lib\CORE\utf8.h">
      <Filter>Header Files</Filter>
    </ClInclude>
    <ClInclude Include="C:\perl\lib\CORE\utfebcdic.h">
      <Filter>Header Files</Filter>
    </ClInclude>
    <ClInclude Include="C:\perl\lib\CORE\util.h">
      <Filter>Header Files</Filter>
    </ClInclude>
    <ClInclude Include="C:\perl\lib\CORE\uudmap.h">
      <Filter>Header Files</Filter>
    </ClInclude>
    <ClInclude Include="C:\perl\lib\CORE\vdir.h">
      <Filter>Header Files</Filter>
    </ClInclude>
    <ClInclude Include="C:\perl\lib\CORE\vmem.h">
      <Filter>Header Files</Filter>
    </ClInclude>
    <ClInclude Include="C:\perl\lib\CORE\vutil.h">
      <Filter>Header Files</Filter>
    </ClInclude>
    <ClInclude Include="C:\perl\lib\CORE\warnings.h">
      <Filter>Header Files</Filter>
    </ClInclude>
    <ClInclude Include="uperl.h">
      <Filter>Header Files</Filter>
    </ClInclude>
  </ItemGroup>
  <ItemGroup>
    <ClCompile Include="AssemblyInfo.cpp">
      <Filter>Source Files</Filter>
    </ClCompile>
    <ClCompile Include="Stdafx.cpp">
      <Filter>Source Files</Filter>
    </ClCompile>
    <ClCompile Include="UPerl.cpp">
      <Filter>Source Files</Filter>
    </ClCompile>
  </ItemGroup>
  <ItemGroup>
    <Text Include="ReadMe.txt" />
  </ItemGroup>
  <ItemGroup>
    <ResourceCompile Include="app.rc">
      <Filter>Resource Files</Filter>
    </ResourceCompile>
  </ItemGroup>
  <ItemGroup>
    <Image Include="app.ico" />
  </ItemGroup>
  <ItemGroup>
    <None Include="ClassDiagram.cd" />
  </ItemGroup>
</Project>