<?xml version="1.0" encoding="utf-8"?>
<Project ToolsVersion="4.0" xmlns="http://schemas.microsoft.com/developer/msbuild/2003">
  <ItemGroup>
    <Filter Include="Source Files">
      <UniqueIdentifier>{4FC737F1-C7A5-4376-A066-2A32D752A2FF}</UniqueIdentifier>
      <Extensions>cpp;c;cc;cxx;def;odl;idl;hpj;bat;asm;asmx</Extensions>
    </Filter>
    <Filter Include="Header Files">
      <UniqueIdentifier>{93995380-89BD-4b04-88EB-625FBE52EBFB}</UniqueIdentifier>
      <Extensions>h;hh;hpp;hxx;hm;inl;inc;xsd</Extensions>
    </Filter>
    <Filter Include="Resource Files">
      <UniqueIdentifier>{67DA6AB6-F800-4c08-8B7A-83BB121AAD01}</UniqueIdentifier>
      <Extensions>rc;ico;cur;bmp;dlg;rc2;rct;bin;rgs;gif;jpg;jpeg;jpe;resx;tiff;tif;png;wav;mfcribbon-ms</Extensions>
    </Filter>
  </ItemGroup>
  <ItemGroup>
    <Text Include="readme.txt" />
  </ItemGroup>
  <ItemGroup>
    <ClInclude Include="Source\av.h">
      <Filter>Header Files</Filter>
    </ClInclude>
    <ClInclude Include="Source\lib\CORE\av.h">
      <Filter>Header Files</Filter>
    </ClInclude>
    <ClInclude Include="Source\cpan\Encode\TW\bi_00_t.h">
      <Filter>Header Files</Filter>
    </ClInclude>
    <ClInclude Include="Source\cpan\Encode\TW\bi_01_t.h">
      <Filter>Header Files</Filter>
    </ClInclude>
    <ClInclude Include="Source\bitcount.h">
      <Filter>Header Files</Filter>
    </ClInclude>
    <ClInclude Include="Source\lib\CORE\bitcount.h">
      <Filter>Header Files</Filter>
    </ClInclude>
    <ClInclude Include="Source\ext\File-Glob\bsd_glob.h">
      <Filter>Header Files</Filter>
    </ClInclude>
    <ClInclude Include="Source\cpan\Win32API-File\buffers.h">
      <Filter>Header Files</Filter>
    </ClInclude>
    <ClInclude Include="Source\cpan\Encode\Byte\byte_t.h">
      <Filter>Header Files</Filter>
    </ClInclude>
    <ClInclude Include="Source\cpan\Compress-Raw-Bzip2\bzip2-src\bzlib.h">
      <Filter>Header Files</Filter>
    </ClInclude>
    <ClInclude Include="Source\cpan\Compress-Raw-Bzip2\bzlib.h">
      <Filter>Header Files</Filter>
    </ClInclude>
    <ClInclude Include="Source\cpan\Compress-Raw-Bzip2\bzip2-src\bzlib_private.h">
      <Filter>Header Files</Filter>
    </ClInclude>
    <ClInclude Include="Source\cpan\Compress-Raw-Bzip2\bzlib_private.h">
      <Filter>Header Files</Filter>
    </ClInclude>
    <ClInclude Include="Source\cpan\Win32API-File\cFile.h">
      <Filter>Header Files</Filter>
    </ClInclude>
    <ClInclude Include="Source\charclass_invlists.h">
      <Filter>Header Files</Filter>
    </ClInclude>
    <ClInclude Include="Source\lib\CORE\charclass_invlists.h">
      <Filter>Header Files</Filter>
    </ClInclude>
    <ClInclude Include="Source\NetWare\CLIBsdio.h">
      <Filter>Header Files</Filter>
    </ClInclude>
    <ClInclude Include="Source\NetWare\CLIBstr.h">
      <Filter>Header Files</Filter>
    </ClInclude>
    <ClInclude Include="Source\NetWare\CLIBstuf.h">
      <Filter>Header Files</Filter>
    </ClInclude>
    <ClInclude Include="Source\lib\CORE\config.h">
      <Filter>Header Files</Filter>
    </ClInclude>
    <ClInclude Include="Source\win32\config.h">
      <Filter>Header Files</Filter>
    </ClInclude>
    <ClInclude Include="Source\cpan\Win32API-File\const2perl.h">
      <Filter>Header Files</Filter>
    </ClInclude>
    <ClInclude Include="Source\cpan\Compress-Raw-Bzip2\constants.h">
      <Filter>Header Files</Filter>
    </ClInclude>
    <ClInclude Include="Source\cpan\Compress-Raw-Bzip2\fallback\constants.h">
      <Filter>Header Files</Filter>
    </ClInclude>
    <ClInclude Include="Source\cpan\Compress-Raw-Zlib\constants.h">
      <Filter>Header Files</Filter>
    </ClInclude>
    <ClInclude Include="Source\cpan\Compress-Raw-Zlib\fallback\constants.h">
      <Filter>Header Files</Filter>
    </ClInclude>
    <ClInclude Include="Source\cop.h">
      <Filter>Header Files</Filter>
    </ClInclude>
    <ClInclude Include="Source\lib\CORE\cop.h">
      <Filter>Header Files</Filter>
    </ClInclude>
    <ClInclude Include="Source\cpan\Encode\CN\cp_00_t.h">
      <Filter>Header Files</Filter>
    </ClInclude>
    <ClInclude Include="Source\cpan\Encode\JP\cp_00_t.h">
      <Filter>Header Files</Filter>
    </ClInclude>
    <ClInclude Include="Source\cpan\Encode\KR\cp_00_t.h">
      <Filter>Header Files</Filter>
    </ClInclude>
    <ClInclude Include="Source\cpan\Encode\TW\cp_02_t.h">
      <Filter>Header Files</Filter>
    </ClInclude>
    <ClInclude Include="Source\cpan\Compress-Raw-Zlib\zlib-src\crc32.h">
      <Filter>Header Files</Filter>
    </ClInclude>
    <ClInclude Include="Source\cv.h">
      <Filter>Header Files</Filter>
    </ClInclude>
    <ClInclude Include="Source\lib\CORE\cv.h">
      <Filter>Header Files</Filter>
    </ClInclude>
    <ClInclude Include="Source\NetWare\deb.h">
      <Filter>Header Files</Filter>
    </ClInclude>
    <ClInclude Include="Source\cpan\Encode\def_t.h">
      <Filter>Header Files</Filter>
    </ClInclude>
    <ClInclude Include="Source\cpan\Compress-Raw-Zlib\zlib-src\deflate.h">
      <Filter>Header Files</Filter>
    </ClInclude>
    <ClInclude Include="Source\lib\CORE\dirent.h">
      <Filter>Header Files</Filter>
    </ClInclude>
    <ClInclude Include="Source\win32\include\dirent.h">
      <Filter>Header Files</Filter>
    </ClInclude>
    <ClInclude Include="Source\djgpp\djgpp.h">
      <Filter>Header Files</Filter>
    </ClInclude>
    <ClInclude Include="Source\os2\dlfcn.h">
      <Filter>Header Files</Filter>
    </ClInclude>
    <ClInclude Include="Source\dosish.h">
      <Filter>Header Files</Filter>
    </ClInclude>
    <ClInclude Include="Source\lib\CORE\dosish.h">
      <Filter>Header Files</Filter>
    </ClInclude>
    <ClInclude Include="Source\cpan\Encode\EBCDIC\ebcdic_t.h">
      <Filter>Header Files</Filter>
    </ClInclude>
    <ClInclude Include="Source\ebcdic_tables.h">
      <Filter>Header Files</Filter>
    </ClInclude>
    <ClInclude Include="Source\lib\CORE\ebcdic_tables.h">
      <Filter>Header Files</Filter>
    </ClInclude>
    <ClInclude Include="Source\embed.h">
      <Filter>Header Files</Filter>
    </ClInclude>
    <ClInclude Include="Source\lib\CORE\embed.h">
      <Filter>Header Files</Filter>
    </ClInclude>
    <ClInclude Include="Source\embedvar.h">
      <Filter>Header Files</Filter>
    </ClInclude>
    <ClInclude Include="Source\lib\CORE\embedvar.h">
      <Filter>Header Files</Filter>
    </ClInclude>
    <ClInclude Include="Source\cpan\Encode\Encode\encode.h">
      <Filter>Header Files</Filter>
    </ClInclude>
    <ClInclude Include="Source\lib\Encode\encode.h">
      <Filter>Header Files</Filter>
    </ClInclude>
    <ClInclude Include="Source\lib\CORE\sys\errno2.h">
      <Filter>Header Files</Filter>
    </ClInclude>
    <ClInclude Include="Source\win32\include\sys\errno2.h">
      <Filter>Header Files</Filter>
    </ClInclude>
    <ClInclude Include="Source\cpan\Encode\CN\eu_01_t.h">
      <Filter>Header Files</Filter>
    </ClInclude>
    <ClInclude Include="Source\cpan\Encode\JP\eu_01_t.h">
      <Filter>Header Files</Filter>
    </ClInclude>
    <ClInclude Include="Source\cpan\Encode\KR\eu_01_t.h">
      <Filter>Header Files</Filter>
    </ClInclude>
    <ClInclude Include="Source\EXTERN.h">
      <Filter>Header Files</Filter>
    </ClInclude>
    <ClInclude Include="Source\lib\CORE\EXTERN.h">
      <Filter>Header Files</Filter>
    </ClInclude>
    <ClInclude Include="Source\fakesdio.h">
      <Filter>Header Files</Filter>
    </ClInclude>
    <ClInclude Include="Source\lib\CORE\fakesdio.h">
      <Filter>Header Files</Filter>
    </ClInclude>
    <ClInclude Include="Source\feature.h">
      <Filter>Header Files</Filter>
    </ClInclude>
    <ClInclude Include="Source\lib\CORE\feature.h">
      <Filter>Header Files</Filter>
    </ClInclude>
    <ClInclude Include="Source\form.h">
      <Filter>Header Files</Filter>
    </ClInclude>
    <ClInclude Include="Source\lib\CORE\form.h">
      <Filter>Header Files</Filter>
    </ClInclude>
    <ClInclude Include="Source\cpan\Encode\CN\gb_02_t.h">
      <Filter>Header Files</Filter>
    </ClInclude>
    <ClInclude Include="Source\cpan\Encode\CN\gb_03_t.h">
      <Filter>Header Files</Filter>
    </ClInclude>
    <ClInclude Include="Source\git_version.h">
      <Filter>Header Files</Filter>
    </ClInclude>
    <ClInclude Include="Source\lib\CORE\git_version.h">
      <Filter>Header Files</Filter>
    </ClInclude>
    <ClInclude Include="Source\gv.h">
      <Filter>Header Files</Filter>
    </ClInclude>
    <ClInclude Include="Source\lib\CORE\gv.h">
      <Filter>Header Files</Filter>
    </ClInclude>
    <ClInclude Include="Source\t\lib\h2ph.h">
      <Filter>Header Files</Filter>
    </ClInclude>
    <ClInclude Include="Source\haiku\haikuish.h">
      <Filter>Header Files</Filter>
    </ClInclude>
    <ClInclude Include="Source\handy.h">
      <Filter>Header Files</Filter>
    </ClInclude>
    <ClInclude Include="Source\lib\CORE\handy.h">
      <Filter>Header Files</Filter>
    </ClInclude>
    <ClInclude Include="Source\hv.h">
      <Filter>Header Files</Filter>
    </ClInclude>
    <ClInclude Include="Source\lib\CORE\hv.h">
      <Filter>Header Files</Filter>
    </ClInclude>
    <ClInclude Include="Source\hv_func.h">
      <Filter>Header Files</Filter>
    </ClInclude>
    <ClInclude Include="Source\lib\CORE\hv_func.h">
      <Filter>Header Files</Filter>
    </ClInclude>
    <ClInclude Include="Source\lib\CORE\arpa\inet.h">
      <Filter>Header Files</Filter>
    </ClInclude>
    <ClInclude Include="Source\plan9\arpa\inet.h">
      <Filter>Header Files</Filter>
    </ClInclude>
    <ClInclude Include="Source\win32\include\arpa\inet.h">
      <Filter>Header Files</Filter>
    </ClInclude>
    <ClInclude Include="Source\cpan\Compress-Raw-Zlib\zlib-src\inffast.h">
      <Filter>Header Files</Filter>
    </ClInclude>
    <ClInclude Include="Source\cpan\Compress-Raw-Zlib\zlib-src\inffixed.h">
      <Filter>Header Files</Filter>
    </ClInclude>
    <ClInclude Include="Source\cpan\Compress-Raw-Zlib\zlib-src\inflate.h">
      <Filter>Header Files</Filter>
    </ClInclude>
    <ClInclude Include="Source\cpan\Compress-Raw-Zlib\zlib-src\inftrees.h">
      <Filter>Header Files</Filter>
    </ClInclude>
    <ClInclude Include="Source\inline.h">
      <Filter>Header Files</Filter>
    </ClInclude>
    <ClInclude Include="Source\lib\CORE\inline.h">
      <Filter>Header Files</Filter>
    </ClInclude>
    <ClInclude Include="Source\NetWare\intdef.h">
      <Filter>Header Files</Filter>
    </ClInclude>
    <ClInclude Include="Source\NetWare\interface.h">
      <Filter>Header Files</Filter>
    </ClInclude>
    <ClInclude Include="Source\INTERN.h">
      <Filter>Header Files</Filter>
    </ClInclude>
    <ClInclude Include="Source\lib\CORE\INTERN.h">
      <Filter>Header Files</Filter>
    </ClInclude>
    <ClInclude Include="Source\intrpvar.h">
      <Filter>Header Files</Filter>
    </ClInclude>
    <ClInclude Include="Source\lib\CORE\intrpvar.h">
      <Filter>Header Files</Filter>
    </ClInclude>
    <ClInclude Include="Source\NetWare\iperlhost.h">
      <Filter>Header Files</Filter>
    </ClInclude>
    <ClInclude Include="Source\iperlsys.h">
      <Filter>Header Files</Filter>
    </ClInclude>
    <ClInclude Include="Source\lib\CORE\iperlsys.h">
      <Filter>Header Files</Filter>
    </ClInclude>
    <ClInclude Include="Source\cpan\Encode\CN\ir_04_t.h">
      <Filter>Header Files</Filter>
    </ClInclude>
    <ClInclude Include="Source\cpan\Encode\JP\ji_02_t.h">
      <Filter>Header Files</Filter>
    </ClInclude>
    <ClInclude Include="Source\cpan\Encode\JP\ji_03_t.h">
      <Filter>Header Files</Filter>
    </ClInclude>
    <ClInclude Include="Source\cpan\Encode\JP\ji_04_t.h">
      <Filter>Header Files</Filter>
    </ClInclude>
    <ClInclude Include="Source\cpan\Encode\KR\jo_02_t.h">
      <Filter>Header Files</Filter>
    </ClInclude>
    <ClInclude Include="Source\keywords.h">
      <Filter>Header Files</Filter>
    </ClInclude>
    <ClInclude Include="Source\lib\CORE\keywords.h">
      <Filter>Header Files</Filter>
    </ClInclude>
    <ClInclude Include="Source\cpan\Encode\KR\ks_03_t.h">
      <Filter>Header Files</Filter>
    </ClInclude>
    <ClInclude Include="Source\l1_char_class_tab.h">
      <Filter>Header Files</Filter>
    </ClInclude>
    <ClInclude Include="Source\lib\CORE\l1_char_class_tab.h">
      <Filter>Header Files</Filter>
    </ClInclude>
    <ClInclude Include="Source\cpan\Encode\TW\ma_03_t.h">
      <Filter>Header Files</Filter>
    </ClInclude>
    <ClInclude Include="Source\cpan\Encode\KR\ma_04_t.h">
      <Filter>Header Files</Filter>
    </ClInclude>
    <ClInclude Include="Source\cpan\Encode\CN\ma_05_t.h">
      <Filter>Header Files</Filter>
    </ClInclude>
    <ClInclude Include="Source\cpan\Encode\JP\ma_05_t.h">
      <Filter>Header Files</Filter>
    </ClInclude>
    <ClInclude Include="Source\lib\CORE\malloc_ctl.h">
      <Filter>Header Files</Filter>
    </ClInclude>
    <ClInclude Include="Source\malloc_ctl.h">
      <Filter>Header Files</Filter>
    </ClInclude>
    <ClInclude Include="Source\lib\CORE\metaconfig.h">
      <Filter>Header Files</Filter>
    </ClInclude>
    <ClInclude Include="Source\metaconfig.h">
      <Filter>Header Files</Filter>
    </ClInclude>
    <ClInclude Include="Source\lib\CORE\mg.h">
      <Filter>Header Files</Filter>
    </ClInclude>
    <ClInclude Include="Source\mg.h">
      <Filter>Header Files</Filter>
    </ClInclude>
    <ClInclude Include="Source\lib\CORE\mg_data.h">
      <Filter>Header Files</Filter>
    </ClInclude>
    <ClInclude Include="Source\mg_data.h">
      <Filter>Header Files</Filter>
    </ClInclude>
    <ClInclude Include="Source\lib\CORE\mg_raw.h">
      <Filter>Header Files</Filter>
    </ClInclude>
    <ClInclude Include="Source\mg_raw.h">
      <Filter>Header Files</Filter>
    </ClInclude>
    <ClInclude Include="Source\lib\CORE\mg_vtable.h">
      <Filter>Header Files</Filter>
    </ClInclude>
    <ClInclude Include="Source\mg_vtable.h">
      <Filter>Header Files</Filter>
    </ClInclude>
    <ClInclude Include="Source\cpan\Scalar-List-Utils\multicall.h">
      <Filter>Header Files</Filter>
    </ClInclude>
    <ClInclude Include="Source\lib\CORE\mydtrace.h">
      <Filter>Header Files</Filter>
    </ClInclude>
    <ClInclude Include="Source\mydtrace.h">
      <Filter>Header Files</Filter>
    </ClInclude>
    <ClInclude Include="Source\os2\OS2\OS2-ExtAttr\myea.h">
      <Filter>Header Files</Filter>
    </ClInclude>
    <ClInclude Include="Source\lib\CORE\netdb.h">
      <Filter>Header Files</Filter>
    </ClInclude>
    <ClInclude Include="Source\win32\include\netdb.h">
      <Filter>Header Files</Filter>
    </ClInclude>
    <ClInclude Include="Source\NetWare\netware.h">
      <Filter>Header Files</Filter>
    </ClInclude>
    <ClInclude Include="Source\lib\CORE\nostdio.h">
      <Filter>Header Files</Filter>
    </ClInclude>
    <ClInclude Include="Source\nostdio.h">
      <Filter>Header Files</Filter>
    </ClInclude>
    <ClInclude Include="Source\NetWare\nw5iop.h">
      <Filter>Header Files</Filter>
    </ClInclude>
    <ClInclude Include="Source\NetWare\nw5sck.h">
      <Filter>Header Files</Filter>
    </ClInclude>
    <ClInclude Include="Source\NetWare\nw5thread.h">
      <Filter>Header Files</Filter>
    </ClInclude>
    <ClInclude Include="Source\NetWare\nwhashcls.h">
      <Filter>Header Files</Filter>
    </ClInclude>
    <ClInclude Include="Source\NetWare\nwperlhost.h">
      <Filter>Header Files</Filter>
    </ClInclude>
    <ClInclude Include="Source\NetWare\nwperlsys.h">
      <Filter>Header Files</Filter>
    </ClInclude>
    <ClInclude Include="Source\NetWare\nwpipe.h">
      <Filter>Header Files</Filter>
    </ClInclude>
    <ClInclude Include="Source\NetWare\nwplglob.h">
      <Filter>Header Files</Filter>
    </ClInclude>
    <ClInclude Include="Source\NetWare\nwstdio.h">
      <Filter>Header Files</Filter>
    </ClInclude>
    <ClInclude Include="Source\NetWare\nwtinfo.h">
      <Filter>Header Files</Filter>
    </ClInclude>
    <ClInclude Include="Source\NetWare\nwutil.h">
      <Filter>Header Files</Filter>
    </ClInclude>
    <ClInclude Include="Source\NetWare\nwvmem.h">
      <Filter>Header Files</Filter>
    </ClInclude>
    <ClInclude Include="Source\lib\CORE\op.h">
      <Filter>Header Files</Filter>
    </ClInclude>
    <ClInclude Include="Source\op.h">
      <Filter>Header Files</Filter>
    </ClInclude>
    <ClInclude Include="Source\lib\CORE\op_reg_common.h">
      <Filter>Header Files</Filter>
    </ClInclude>
    <ClInclude Include="Source\op_reg_common.h">
      <Filter>Header Files</Filter>
    </ClInclude>
    <ClInclude Include="Source\lib\CORE\opcode.h">
      <Filter>Header Files</Filter>
    </ClInclude>
    <ClInclude Include="Source\opcode.h">
      <Filter>Header Files</Filter>
    </ClInclude>
    <ClInclude Include="Source\lib\CORE\opnames.h">
      <Filter>Header Files</Filter>
    </ClInclude>
    <ClInclude Include="Source\opnames.h">
      <Filter>Header Files</Filter>
    </ClInclude>
    <ClInclude Include="Source\os2\os2ish.h">
      <Filter>Header Files</Filter>
    </ClInclude>
    <ClInclude Include="Source\os2\os2thread.h">
      <Filter>Header Files</Filter>
    </ClInclude>
    <ClInclude Include="Source\lib\CORE\overload.h">
      <Filter>Header Files</Filter>
    </ClInclude>
    <ClInclude Include="Source\overload.h">
      <Filter>Header Files</Filter>
    </ClInclude>
    <ClInclude Include="Source\lib\CORE\pad.h">
      <Filter>Header Files</Filter>
    </ClInclude>
    <ClInclude Include="Source\pad.h">
      <Filter>Header Files</Filter>
    </ClInclude>
    <ClInclude Include="Source\ext\SDBM_File\pair.h">
      <Filter>Header Files</Filter>
    </ClInclude>
    <ClInclude Include="Source\lib\CORE\parser.h">
      <Filter>Header Files</Filter>
    </ClInclude>
    <ClInclude Include="Source\parser.h">
      <Filter>Header Files</Filter>
    </ClInclude>
    <ClInclude Include="Source\lib\CORE\patchlevel.h">
      <Filter>Header Files</Filter>
    </ClInclude>
    <ClInclude Include="Source\patchlevel.h">
      <Filter>Header Files</Filter>
    </ClInclude>
    <ClInclude Include="Source\lib\CORE\perl.h">
      <Filter>Header Files</Filter>
    </ClInclude>
    <ClInclude Include="Source\perl.h">
      <Filter>Header Files</Filter>
    </ClInclude>
    <ClInclude Include="Source\lib\CORE\perlapi.h">
      <Filter>Header Files</Filter>
    </ClInclude>
    <ClInclude Include="Source\perlapi.h">
      <Filter>Header Files</Filter>
    </ClInclude>
    <ClInclude Include="Source\symbian\PerlApp.h">
      <Filter>Header Files</Filter>
    </ClInclude>
    <ClInclude Include="Source\symbian\PerlBase.h">
      <Filter>Header Files</Filter>
    </ClInclude>
    <ClInclude Include="Source\lib\CORE\perlhost.h">
      <Filter>Header Files</Filter>
    </ClInclude>
    <ClInclude Include="Source\win32\perlhost.h">
      <Filter>Header Files</Filter>
    </ClInclude>
    <ClInclude Include="Source\lib\CORE\perlio.h">
      <Filter>Header Files</Filter>
    </ClInclude>
    <ClInclude Include="Source\perlio.h">
      <Filter>Header Files</Filter>
    </ClInclude>
    <ClInclude Include="Source\lib\CORE\perliol.h">
      <Filter>Header Files</Filter>
    </ClInclude>
    <ClInclude Include="Source\perliol.h">
      <Filter>Header Files</Filter>
    </ClInclude>
    <ClInclude Include="Source\lib\CORE\perllibst.h">
      <Filter>Header Files</Filter>
    </ClInclude>
    <ClInclude Include="Source\win32\perllibst.h">
      <Filter>Header Files</Filter>
    </ClInclude>
    <ClInclude Include="Source\lib\CORE\perlsdio.h">
      <Filter>Header Files</Filter>
    </ClInclude>
    <ClInclude Include="Source\perlsdio.h">
      <Filter>Header Files</Filter>
    </ClInclude>
    <ClInclude Include="Source\symbian\PerlUi.h">
      <Filter>Header Files</Filter>
    </ClInclude>
    <ClInclude Include="Source\symbian\PerlUtil.h">
      <Filter>Header Files</Filter>
    </ClInclude>
    <ClInclude Include="Source\lib\CORE\perlvars.h">
      <Filter>Header Files</Filter>
    </ClInclude>
    <ClInclude Include="Source\perlvars.h">
      <Filter>Header Files</Filter>
    </ClInclude>
    <ClInclude Include="Source\lib\CORE\perly.h">
      <Filter>Header Files</Filter>
    </ClInclude>
    <ClInclude Include="Source\perly.h">
      <Filter>Header Files</Filter>
    </ClInclude>
    <ClInclude Include="Source\plan9\plan9ish.h">
      <Filter>Header Files</Filter>
    </ClInclude>
    <ClInclude Include="Source\dist\IO\poll.h">
      <Filter>Header Files</Filter>
    </ClInclude>
    <ClInclude Include="Source\lib\CORE\pp.h">
      <Filter>Header Files</Filter>
    </ClInclude>
    <ClInclude Include="Source\pp.h">
      <Filter>Header Files</Filter>
    </ClInclude>
    <ClInclude Include="Source\lib\CORE\pp_proto.h">
      <Filter>Header Files</Filter>
    </ClInclude>
    <ClInclude Include="Source\pp_proto.h">
      <Filter>Header Files</Filter>
    </ClInclude>
    <ClInclude Include="Source\cpan\DB_File\ppport.h">
      <Filter>Header Files</Filter>
    </ClInclude>
    <ClInclude Include="Source\cpan\Devel-PPPort\ppport.h">
      <Filter>Header Files</Filter>
    </ClInclude>
    <ClInclude Include="Source\cpan\IPC-SysV\ppport.h">
      <Filter>Header Files</Filter>
    </ClInclude>
    <ClInclude Include="Source\cpan\Scalar-List-Utils\ppport.h">
      <Filter>Header Files</Filter>
    </ClInclude>
    <ClInclude Include="Source\cpan\Time-HiRes\ppport.h">
      <Filter>Header Files</Filter>
    </ClInclude>
    <ClInclude Include="Source\cpan\Win32API-File\ppport.h">
      <Filter>Header Files</Filter>
    </ClInclude>
    <ClInclude Include="Source\dist\PathTools\ppport.h">
      <Filter>Header Files</Filter>
    </ClInclude>
    <ClInclude Include="Source\lib\CORE\proto.h">
      <Filter>Header Files</Filter>
    </ClInclude>
    <ClInclude Include="Source\proto.h">
      <Filter>Header Files</Filter>
    </ClInclude>
    <ClInclude Include="Source\ext\arybase\ptable.h">
      <Filter>Header Files</Filter>
    </ClInclude>
    <ClInclude Include="Source\ext\re\re_comp.h">
      <Filter>Header Files</Filter>
    </ClInclude>
    <ClInclude Include="Source\ext\re\re_top.h">
      <Filter>Header Files</Filter>
    </ClInclude>
    <ClInclude Include="Source\lib\CORE\reentr.h">
      <Filter>Header Files</Filter>
    </ClInclude>
    <ClInclude Include="Source\reentr.h">
      <Filter>Header Files</Filter>
    </ClInclude>
    <ClInclude Include="Source\lib\CORE\regcharclass.h">
      <Filter>Header Files</Filter>
    </ClInclude>
    <ClInclude Include="Source\regcharclass.h">
      <Filter>Header Files</Filter>
    </ClInclude>
    <ClInclude Include="Source\lib\CORE\regcomp.h">
      <Filter>Header Files</Filter>
    </ClInclude>
    <ClInclude Include="Source\regcomp.h">
      <Filter>Header Files</Filter>
    </ClInclude>
    <ClInclude Include="Source\lib\CORE\regexp.h">
      <Filter>Header Files</Filter>
    </ClInclude>
    <ClInclude Include="Source\regexp.h">
      <Filter>Header Files</Filter>
    </ClInclude>
    <ClInclude Include="Source\lib\CORE\regnodes.h">
      <Filter>Header Files</Filter>
    </ClInclude>
    <ClInclude Include="Source\regnodes.h">
      <Filter>Header Files</Filter>
    </ClInclude>
    <ClInclude Include="Source\lib\CORE\scope.h">
      <Filter>Header Files</Filter>
    </ClInclude>
    <ClInclude Include="Source\scope.h">
      <Filter>Header Files</Filter>
    </ClInclude>
    <ClInclude Include="Source\ext\SDBM_File\sdbm.h">
      <Filter>Header Files</Filter>
    </ClInclude>
    <ClInclude Include="Source\cpan\Encode\JP\sh_06_t.h">
      <Filter>Header Files</Filter>
    </ClInclude>
    <ClInclude Include="Source\cpan\Digest-SHA\src\sha.h">
      <Filter>Header Files</Filter>
    </ClInclude>
    <ClInclude Include="Source\cpan\Digest-SHA\src\sha64bit.h">
      <Filter>Header Files</Filter>
    </ClInclude>
    <ClInclude Include="Source\lib\CORE\sys\socket.h">
      <Filter>Header Files</Filter>
    </ClInclude>
    <ClInclude Include="Source\win32\include\sys\socket.h">
      <Filter>Header Files</Filter>
    </ClInclude>
    <ClInclude Include="Source\lib\CORE\sv.h">
      <Filter>Header Files</Filter>
    </ClInclude>
    <ClInclude Include="Source\sv.h">
      <Filter>Header Files</Filter>
    </ClInclude>
    <ClInclude Include="Source\symbian\symbian_proto.h">
      <Filter>Header Files</Filter>
    </ClInclude>
    <ClInclude Include="Source\symbian\symbian_stubs.h">
      <Filter>Header Files</Filter>
    </ClInclude>
    <ClInclude Include="Source\symbian\symbianish.h">
      <Filter>Header Files</Filter>
    </ClInclude>
    <ClInclude Include="Source\cpan\Encode\Symbol\symbol_t.h">
      <Filter>Header Files</Filter>
    </ClInclude>
    <ClInclude Include="Source\cpan\Sys-Syslog\fallback\syslog.h">
      <Filter>Header Files</Filter>
    </ClInclude>
    <ClInclude Include="Source\lib\CORE\thread.h">
      <Filter>Header Files</Filter>
    </ClInclude>
    <ClInclude Include="Source\thread.h">
      <Filter>Header Files</Filter>
    </ClInclude>
    <ClInclude Include="Source\lib\CORE\time64.h">
      <Filter>Header Files</Filter>
    </ClInclude>
    <ClInclude Include="Source\time64.h">
      <Filter>Header Files</Filter>
    </ClInclude>
    <ClInclude Include="Source\lib\CORE\time64_config.h">
      <Filter>Header Files</Filter>
    </ClInclude>
    <ClInclude Include="Source\time64_config.h">
      <Filter>Header Files</Filter>
    </ClInclude>
    <ClInclude Include="Source\cpan\Compress-Raw-Zlib\zlib-src\trees.h">
      <Filter>Header Files</Filter>
    </ClInclude>
    <ClInclude Include="Source\ext\SDBM_File\tune.h">
      <Filter>Header Files</Filter>
    </ClInclude>
    <ClInclude Include="Source\lib\CORE\uconfig.h">
      <Filter>Header Files</Filter>
    </ClInclude>
    <ClInclude Include="Source\uconfig.h">
      <Filter>Header Files</Filter>
    </ClInclude>
    <ClInclude Include="Source\lib\CORE\unicode_constants.h">
      <Filter>Header Files</Filter>
    </ClInclude>
    <ClInclude Include="Source\unicode_constants.h">
      <Filter>Header Files</Filter>
    </ClInclude>
    <ClInclude Include="Source\lib\CORE\unixish.h">
      <Filter>Header Files</Filter>
    </ClInclude>
    <ClInclude Include="Source\unixish.h">
      <Filter>Header Files</Filter>
    </ClInclude>
    <ClInclude Include="Source\lib\CORE\utf8.h">
      <Filter>Header Files</Filter>
    </ClInclude>
    <ClInclude Include="Source\utf8.h">
      <Filter>Header Files</Filter>
    </ClInclude>
    <ClInclude Include="Source\lib\CORE\utfebcdic.h">
      <Filter>Header Files</Filter>
    </ClInclude>
    <ClInclude Include="Source\utfebcdic.h">
      <Filter>Header Files</Filter>
    </ClInclude>
    <ClInclude Include="Source\lib\CORE\util.h">
      <Filter>Header Files</Filter>
    </ClInclude>
    <ClInclude Include="Source\util.h">
      <Filter>Header Files</Filter>
    </ClInclude>
    <ClInclude Include="Source\lib\CORE\uudmap.h">
      <Filter>Header Files</Filter>
    </ClInclude>
    <ClInclude Include="Source\uudmap.h">
      <Filter>Header Files</Filter>
    </ClInclude>
    <ClInclude Include="Source\lib\CORE\vdir.h">
      <Filter>Header Files</Filter>
    </ClInclude>
    <ClInclude Include="Source\win32\vdir.h">
      <Filter>Header Files</Filter>
    </ClInclude>
    <ClInclude Include="Source\lib\CORE\vmem.h">
      <Filter>Header Files</Filter>
    </ClInclude>
    <ClInclude Include="Source\win32\vmem.h">
      <Filter>Header Files</Filter>
    </ClInclude>
    <ClInclude Include="Source\vms\vmsish.h">
      <Filter>Header Files</Filter>
    </ClInclude>
    <ClInclude Include="Source\vos\vosish.h">
      <Filter>Header Files</Filter>
    </ClInclude>
    <ClInclude Include="Source\lib\CORE\vutil.h">
      <Filter>Header Files</Filter>
    </ClInclude>
    <ClInclude Include="Source\vutil.h">
      <Filter>Header Files</Filter>
    </ClInclude>
    <ClInclude Include="Source\lib\CORE\warnings.h">
      <Filter>Header Files</Filter>
    </ClInclude>
    <ClInclude Include="Source\warnings.h">
      <Filter>Header Files</Filter>
    </ClInclude>
    <ClInclude Include="Source\lib\CORE\win32.h">
      <Filter>Header Files</Filter>
    </ClInclude>
    <ClInclude Include="Source\win32\win32.h">
      <Filter>Header Files</Filter>
    </ClInclude>
    <ClInclude Include="Source\lib\CORE\win32iop.h">
      <Filter>Header Files</Filter>
    </ClInclude>
    <ClInclude Include="Source\win32\win32iop.h">
      <Filter>Header Files</Filter>
    </ClInclude>
    <ClInclude Include="Source\lib\CORE\win32iop-o.h">
      <Filter>Header Files</Filter>
    </ClInclude>
    <ClInclude Include="Source\win32\win32iop-o.h">
      <Filter>Header Files</Filter>
    </ClInclude>
    <ClInclude Include="Source\NetWare\win32ish.h">
      <Filter>Header Files</Filter>
    </ClInclude>
    <ClInclude Include="Source\lib\CORE\win32thread.h">
      <Filter>Header Files</Filter>
    </ClInclude>
    <ClInclude Include="Source\win32\win32thread.h">
      <Filter>Header Files</Filter>
    </ClInclude>
    <ClInclude Include="Source\lib\CORE\wince.h">
      <Filter>Header Files</Filter>
    </ClInclude>
    <ClInclude Include="Source\win32\wince.h">
      <Filter>Header Files</Filter>
    </ClInclude>
    <ClInclude Include="Source\lib\CORE\XSUB.h">
      <Filter>Header Files</Filter>
    </ClInclude>
    <ClInclude Include="Source\XSUB.h">
      <Filter>Header Files</Filter>
    </ClInclude>
    <ClInclude Include="Source\cpan\Compress-Raw-Zlib\zlib-src\zconf.h">
      <Filter>Header Files</Filter>
    </ClInclude>
    <ClInclude Include="Source\cpan\Compress-Raw-Zlib\zlib-src\zlib.h">
      <Filter>Header Files</Filter>
    </ClInclude>
    <ClInclude Include="Source\cpan\Compress-Raw-Zlib\zlib-src\zutil.h">
      <Filter>Header Files</Filter>
    </ClInclude>
  </ItemGroup>
  <ItemGroup>
    <ClCompile Include="Source\cpan\Compress-Raw-Zlib\adler32.c">
      <Filter>Source Files</Filter>
    </ClCompile>
    <ClCompile Include="Source\cpan\Compress-Raw-Zlib\zlib-src\adler32.c">
      <Filter>Source Files</Filter>
    </ClCompile>
    <ClCompile Include="Source\av.c">
      <Filter>Source Files</Filter>
    </ClCompile>
    <ClCompile Include="Source\ext\B\B.c">
      <Filter>Source Files</Filter>
    </ClCompile>
    <ClCompile Include="Source\cpan\MIME-Base64\Base64.c">
      <Filter>Source Files</Filter>
    </ClCompile>
    <ClCompile Include="Source\cpan\Encode\TW\bi_00_t.c">
      <Filter>Source Files</Filter>
    </ClCompile>
    <ClCompile Include="Source\cpan\Encode\TW\bi_01_t.c">
      <Filter>Source Files</Filter>
    </ClCompile>
    <ClCompile Include="Source\cpan\Compress-Raw-Bzip2\blocksort.c">
      <Filter>Source Files</Filter>
    </ClCompile>
    <ClCompile Include="Source\cpan\Compress-Raw-Bzip2\bzip2-src\blocksort.c">
      <Filter>Source Files</Filter>
    </ClCompile>
    <ClCompile Include="Source\ext\File-Glob\bsd_glob.c">
      <Filter>Source Files</Filter>
    </ClCompile>
    <ClCompile Include="Source\cpan\Encode\Byte\Byte.c">
      <Filter>Source Files</Filter>
    </ClCompile>
    <ClCompile Include="Source\cpan\Encode\Byte\byte_t.c">
      <Filter>Source Files</Filter>
    </ClCompile>
    <ClCompile Include="Source\cpan\Compress-Raw-Bzip2\Bzip2.c">
      <Filter>Source Files</Filter>
    </ClCompile>
    <ClCompile Include="Source\cpan\Compress-Raw-Bzip2\bzip2-src\bzlib.c">
      <Filter>Source Files</Filter>
    </ClCompile>
    <ClCompile Include="Source\cpan\Compress-Raw-Bzip2\bzlib.c">
      <Filter>Source Files</Filter>
    </ClCompile>
    <ClCompile Include="Source\cpan\Filter-Util-Call\Call.c">
      <Filter>Source Files</Filter>
    </ClCompile>
    <ClCompile Include="Source\caretx.c">
      <Filter>Source Files</Filter>
    </ClCompile>
    <ClCompile Include="Source\NetWare\CLIBstuf.c">
      <Filter>Source Files</Filter>
    </ClCompile>
    <ClCompile Include="Source\cpan\Encode\CN\CN.c">
      <Filter>Source Files</Filter>
    </ClCompile>
    <ClCompile Include="Source\cpan\Unicode-Collate\Collate.c">
      <Filter>Source Files</Filter>
    </ClCompile>
    <ClCompile Include="Source\cpan\Compress-Raw-Bzip2\bzip2-src\compress.c">
      <Filter>Source Files</Filter>
    </ClCompile>
    <ClCompile Include="Source\cpan\Compress-Raw-Bzip2\compress.c">
      <Filter>Source Files</Filter>
    </ClCompile>
    <ClCompile Include="Source\cpan\Compress-Raw-Zlib\compress.c">
      <Filter>Source Files</Filter>
    </ClCompile>
    <ClCompile Include="Source\cpan\Compress-Raw-Zlib\zlib-src\compress.c">
      <Filter>Source Files</Filter>
    </ClCompile>
    <ClCompile Include="Source\ext\XS-APItest\core.c">
      <Filter>Source Files</Filter>
    </ClCompile>
    <ClCompile Include="Source\cpan\Encode\CN\cp_00_t.c">
      <Filter>Source Files</Filter>
    </ClCompile>
    <ClCompile Include="Source\cpan\Encode\JP\cp_00_t.c">
      <Filter>Source Files</Filter>
    </ClCompile>
    <ClCompile Include="Source\cpan\Encode\KR\cp_00_t.c">
      <Filter>Source Files</Filter>
    </ClCompile>
    <ClCompile Include="Source\cpan\Encode\TW\cp_02_t.c">
      <Filter>Source Files</Filter>
    </ClCompile>
    <ClCompile Include="Source\cpan\Compress-Raw-Zlib\crc32.c">
      <Filter>Source Files</Filter>
    </ClCompile>
    <ClCompile Include="Source\cpan\Compress-Raw-Zlib\zlib-src\crc32.c">
      <Filter>Source Files</Filter>
    </ClCompile>
    <ClCompile Include="Source\cpan\Compress-Raw-Bzip2\bzip2-src\crctable.c">
      <Filter>Source Files</Filter>
    </ClCompile>
    <ClCompile Include="Source\cpan\Compress-Raw-Bzip2\crctable.c">
      <Filter>Source Files</Filter>
    </ClCompile>
    <ClCompile Include="Source\dist\PathTools\Cwd.c">
      <Filter>Source Files</Filter>
    </ClCompile>
    <ClCompile Include="Source\cygwin\cygwin.c">
      <Filter>Source Files</Filter>
    </ClCompile>
    <ClCompile Include="Source\ext\SDBM_File\dba.c">
      <Filter>Source Files</Filter>
    </ClCompile>
    <ClCompile Include="Source\ext\SDBM_File\dbd.c">
      <Filter>Source Files</Filter>
    </ClCompile>
    <ClCompile Include="Source\ext\SDBM_File\dbe.c">
      <Filter>Source Files</Filter>
    </ClCompile>
    <ClCompile Include="Source\ext\SDBM_File\dbu.c">
      <Filter>Source Files</Filter>
    </ClCompile>
    <ClCompile Include="Source\deb.c">
      <Filter>Source Files</Filter>
    </ClCompile>
    <ClCompile Include="Source\cpan\Compress-Raw-Bzip2\bzip2-src\decompress.c">
      <Filter>Source Files</Filter>
    </ClCompile>
    <ClCompile Include="Source\cpan\Compress-Raw-Bzip2\decompress.c">
      <Filter>Source Files</Filter>
    </ClCompile>
    <ClCompile Include="Source\cpan\Encode\def_t.c">
      <Filter>Source Files</Filter>
    </ClCompile>
    <ClCompile Include="Source\cpan\Compress-Raw-Zlib\deflate.c">
      <Filter>Source Files</Filter>
    </ClCompile>
    <ClCompile Include="Source\cpan\Compress-Raw-Zlib\zlib-src\deflate.c">
      <Filter>Source Files</Filter>
    </ClCompile>
    <ClCompile Include="Source\djgpp\djgpp.c">
      <Filter>Source Files</Filter>
    </ClCompile>
    <ClCompile Include="Source\os2\dl_os2.c">
      <Filter>Source Files</Filter>
    </ClCompile>
    <ClCompile Include="Source\ext\DynaLoader\dlutils.c">
      <Filter>Source Files</Filter>
    </ClCompile>
    <ClCompile Include="Source\doio.c">
      <Filter>Source Files</Filter>
    </ClCompile>
    <ClCompile Include="Source\doop.c">
      <Filter>Source Files</Filter>
    </ClCompile>
    <ClCompile Include="Source\ext\File-DosGlob\DosGlob.c">
      <Filter>Source Files</Filter>
    </ClCompile>
    <ClCompile Include="Source\dquote_static.c">
      <Filter>Source Files</Filter>
    </ClCompile>
    <ClCompile Include="Source\dump.c">
      <Filter>Source Files</Filter>
    </ClCompile>
    <ClCompile Include="Source\dist\Data-Dumper\Dumper.c">
      <Filter>Source Files</Filter>
    </ClCompile>
    <ClCompile Include="Source\ext\DynaLoader\DynaLoader.c">
      <Filter>Source Files</Filter>
    </ClCompile>
    <ClCompile Include="Source\cpan\Encode\EBCDIC\EBCDIC.c">
      <Filter>Source Files</Filter>
    </ClCompile>
    <ClCompile Include="Source\cpan\Encode\EBCDIC\ebcdic_t.c">
      <Filter>Source Files</Filter>
    </ClCompile>
    <ClCompile Include="Source\NetWare\testnlm\echo\echo.c">
      <Filter>Source Files</Filter>
    </ClCompile>
    <ClCompile Include="Source\cpan\Encode\encengine.c">
      <Filter>Source Files</Filter>
    </ClCompile>
    <ClCompile Include="Source\cpan\Encode\Encode.c">
      <Filter>Source Files</Filter>
    </ClCompile>
    <ClCompile Include="Source\ext\PerlIO-encoding\encoding.c">
      <Filter>Source Files</Filter>
    </ClCompile>
    <ClCompile Include="Source\cpan\Encode\CN\eu_01_t.c">
      <Filter>Source Files</Filter>
    </ClCompile>
    <ClCompile Include="Source\cpan\Encode\JP\eu_01_t.c">
      <Filter>Source Files</Filter>
    </ClCompile>
    <ClCompile Include="Source\cpan\Encode\KR\eu_01_t.c">
      <Filter>Source Files</Filter>
    </ClCompile>
    <ClCompile Include="Source\ext\XS-APItest\exception.c">
      <Filter>Source Files</Filter>
    </ClCompile>
    <ClCompile Include="Source\dist\Math-BigInt-FastCalc\FastCalc.c">
      <Filter>Source Files</Filter>
    </ClCompile>
    <ClCompile Include="Source\ext\Fcntl\Fcntl.c">
      <Filter>Source Files</Filter>
    </ClCompile>
    <ClCompile Include="Source\win32\fcrypt.c">
      <Filter>Source Files</Filter>
    </ClCompile>
    <ClCompile Include="Source\ext\Hash-Util-FieldHash\FieldHash.c">
      <Filter>Source Files</Filter>
    </ClCompile>
    <ClCompile Include="Source\cpan\Encode\CN\gb_02_t.c">
      <Filter>Source Files</Filter>
    </ClCompile>
    <ClCompile Include="Source\cpan\Encode\CN\gb_03_t.c">
      <Filter>Source Files</Filter>
    </ClCompile>
    <ClCompile Include="Source\generate_uudmap.c">
      <Filter>Source Files</Filter>
    </ClCompile>
    <ClCompile Include="Source\ext\File-Glob\Glob.c">
      <Filter>Source Files</Filter>
    </ClCompile>
    <ClCompile Include="Source\globals.c">
      <Filter>Source Files</Filter>
    </ClCompile>
    <ClCompile Include="Source\gv.c">
      <Filter>Source Files</Filter>
    </ClCompile>
    <ClCompile Include="Source\ext\SDBM_File\hash.c">
      <Filter>Source Files</Filter>
    </ClCompile>
    <ClCompile Include="Source\cpan\Time-HiRes\HiRes.c">
      <Filter>Source Files</Filter>
    </ClCompile>
    <ClCompile Include="Source\ext\Sys-Hostname\Hostname.c">
      <Filter>Source Files</Filter>
    </ClCompile>
    <ClCompile Include="Source\cpan\Compress-Raw-Bzip2\bzip2-src\huffman.c">
      <Filter>Source Files</Filter>
    </ClCompile>
    <ClCompile Include="Source\cpan\Compress-Raw-Bzip2\huffman.c">
      <Filter>Source Files</Filter>
    </ClCompile>
    <ClCompile Include="Source\hv.c">
      <Filter>Source Files</Filter>
    </ClCompile>
    <ClCompile Include="Source\cpan\Compress-Raw-Zlib\infback.c">
      <Filter>Source Files</Filter>
    </ClCompile>
    <ClCompile Include="Source\cpan\Compress-Raw-Zlib\zlib-src\infback.c">
      <Filter>Source Files</Filter>
    </ClCompile>
    <ClCompile Include="Source\cpan\Compress-Raw-Zlib\inffast.c">
      <Filter>Source Files</Filter>
    </ClCompile>
    <ClCompile Include="Source\cpan\Compress-Raw-Zlib\zlib-src\inffast.c">
      <Filter>Source Files</Filter>
    </ClCompile>
    <ClCompile Include="Source\cpan\Compress-Raw-Zlib\inflate.c">
      <Filter>Source Files</Filter>
    </ClCompile>
    <ClCompile Include="Source\cpan\Compress-Raw-Zlib\zlib-src\inflate.c">
      <Filter>Source Files</Filter>
    </ClCompile>
    <ClCompile Include="Source\cpan\Compress-Raw-Zlib\inftrees.c">
      <Filter>Source Files</Filter>
    </ClCompile>
    <ClCompile Include="Source\cpan\Compress-Raw-Zlib\zlib-src\inftrees.c">
      <Filter>Source Files</Filter>
    </ClCompile>
    <ClCompile Include="Source\inline_invlist.c">
      <Filter>Source Files</Filter>
    </ClCompile>
    <ClCompile Include="Source\NetWare\interface.c">
      <Filter>Source Files</Filter>
    </ClCompile>
    <ClCompile Include="Source\dist\IO\IO.c">
      <Filter>Source Files</Filter>
    </ClCompile>
    <ClCompile Include="Source\cpan\Encode\CN\ir_04_t.c">
      <Filter>Source Files</Filter>
    </ClCompile>
    <ClCompile Include="Source\cpan\Encode\JP\ji_02_t.c">
      <Filter>Source Files</Filter>
    </ClCompile>
    <ClCompile Include="Source\cpan\Encode\JP\ji_03_t.c">
      <Filter>Source Files</Filter>
    </ClCompile>
    <ClCompile Include="Source\cpan\Encode\JP\ji_04_t.c">
      <Filter>Source Files</Filter>
    </ClCompile>
    <ClCompile Include="Source\cpan\Encode\KR\jo_02_t.c">
      <Filter>Source Files</Filter>
    </ClCompile>
    <ClCompile Include="Source\cpan\Encode\JP\JP.c">
      <Filter>Source Files</Filter>
    </ClCompile>
    <ClCompile Include="Source\keywords.c">
      <Filter>Source Files</Filter>
    </ClCompile>
    <ClCompile Include="Source\cpan\Encode\KR\KR.c">
      <Filter>Source Files</Filter>
    </ClCompile>
    <ClCompile Include="Source\cpan\Encode\KR\ks_03_t.c">
      <Filter>Source Files</Filter>
    </ClCompile>
    <ClCompile Include="Source\cpan\Scalar-List-Utils\ListUtil.c">
      <Filter>Source Files</Filter>
    </ClCompile>
    <ClCompile Include="Source\locale.c">
      <Filter>Source Files</Filter>
    </ClCompile>
    <ClCompile Include="Source\cpan\Encode\TW\ma_03_t.c">
      <Filter>Source Files</Filter>
    </ClCompile>
    <ClCompile Include="Source\cpan\Encode\KR\ma_04_t.c">
      <Filter>Source Files</Filter>
    </ClCompile>
    <ClCompile Include="Source\cpan\Encode\CN\ma_05_t.c">
      <Filter>Source Files</Filter>
    </ClCompile>
    <ClCompile Include="Source\cpan\Encode\JP\ma_05_t.c">
      <Filter>Source Files</Filter>
    </ClCompile>
    <ClCompile Include="Source\NetWare\Main.c">
      <Filter>Source Files</Filter>
    </ClCompile>
    <ClCompile Include="Source\malloc.c">
      <Filter>Source Files</Filter>
    </ClCompile>
    <ClCompile Include="Source\mathoms.c">
      <Filter>Source Files</Filter>
    </ClCompile>
    <ClCompile Include="Source\cpan\Digest-MD5\MD5.c">
      <Filter>Source Files</Filter>
    </ClCompile>
    <ClCompile Include="Source\mg.c">
      <Filter>Source Files</Filter>
    </ClCompile>
    <ClCompile Include="Source\mg_names.c">
      <Filter>Source Files</Filter>
    </ClCompile>
    <ClCompile Include="Source\miniperlmain.c">
      <Filter>Source Files</Filter>
    </ClCompile>
    <ClCompile Include="Source\ext\PerlIO-mmap\mmap.c">
      <Filter>Source Files</Filter>
    </ClCompile>
    <ClCompile Include="Source\cpan\Devel-PPPort\module2.c">
      <Filter>Source Files</Filter>
    </ClCompile>
    <ClCompile Include="Source\cpan\Devel-PPPort\module3.c">
      <Filter>Source Files</Filter>
    </ClCompile>
    <ClCompile Include="Source\mro_core.c">
      <Filter>Source Files</Filter>
    </ClCompile>
    <ClCompile Include="Source\vms\munchconfig.c">
      <Filter>Source Files</Filter>
    </ClCompile>
    <ClCompile Include="Source\ext\Tie-Hash-NamedCapture\NamedCapture.c">
      <Filter>Source Files</Filter>
    </ClCompile>
    <ClCompile Include="Source\ext\XS-APItest\notcore.c">
      <Filter>Source Files</Filter>
    </ClCompile>
    <ClCompile Include="Source\numeric.c">
      <Filter>Source Files</Filter>
    </ClCompile>
    <ClCompile Include="Source\NetWare\nw5.c">
      <Filter>Source Files</Filter>
    </ClCompile>
    <ClCompile Include="Source\NetWare\nw5sck.c">
      <Filter>Source Files</Filter>
    </ClCompile>
    <ClCompile Include="Source\NetWare\nw5thread.c">
      <Filter>Source Files</Filter>
    </ClCompile>
    <ClCompile Include="Source\NetWare\Nwmain.c">
      <Filter>Source Files</Filter>
    </ClCompile>
    <ClCompile Include="Source\NetWare\nwperlsys.c">
      <Filter>Source Files</Filter>
    </ClCompile>
    <ClCompile Include="Source\NetWare\Nwpipe.c">
      <Filter>Source Files</Filter>
    </ClCompile>
    <ClCompile Include="Source\NetWare\nwplglob.c">
      <Filter>Source Files</Filter>
    </ClCompile>
    <ClCompile Include="Source\NetWare\NWTInfo.c">
      <Filter>Source Files</Filter>
    </ClCompile>
    <ClCompile Include="Source\NetWare\NWUtil.c">
      <Filter>Source Files</Filter>
    </ClCompile>
    <ClCompile Include="Source\op.c">
      <Filter>Source Files</Filter>
    </ClCompile>
    <ClCompile Include="Source\ext\Opcode\Opcode.c">
      <Filter>Source Files</Filter>
    </ClCompile>
    <ClCompile Include="Source\os2\os2.c">
      <Filter>Source Files</Filter>
    </ClCompile>
    <ClCompile Include="Source\overload.c">
      <Filter>Source Files</Filter>
    </ClCompile>
    <ClCompile Include="Source\packsizetables.c">
      <Filter>Source Files</Filter>
    </ClCompile>
    <ClCompile Include="Source\pad.c">
      <Filter>Source Files</Filter>
    </ClCompile>
    <ClCompile Include="Source\ext\SDBM_File\pair.c">
      <Filter>Source Files</Filter>
    </ClCompile>
    <ClCompile Include="Source\ext\Devel-Peek\Peek.c">
      <Filter>Source Files</Filter>
    </ClCompile>
    <ClCompile Include="Source\perl.c">
      <Filter>Source Files</Filter>
    </ClCompile>
    <ClCompile Include="Source\perlapi.c">
      <Filter>Source Files</Filter>
    </ClCompile>
    <ClCompile Include="Source\win32\perlglob.c">
      <Filter>Source Files</Filter>
    </ClCompile>
    <ClCompile Include="Source\perlio.c">
      <Filter>Source Files</Filter>
    </ClCompile>
    <ClCompile Include="Source\win32\perllib.c">
      <Filter>Source Files</Filter>
    </ClCompile>
    <ClCompile Include="Source\win32\perlmain.c">
      <Filter>Source Files</Filter>
    </ClCompile>
    <ClCompile Include="Source\win32\perlmaince.c">
      <Filter>Source Files</Filter>
    </ClCompile>
    <ClCompile Include="Source\win32\perlmainst.c">
      <Filter>Source Files</Filter>
    </ClCompile>
    <ClCompile Include="Source\os2\perlrexx.c">
      <Filter>Source Files</Filter>
    </ClCompile>
    <ClCompile Include="Source\perly.c">
      <Filter>Source Files</Filter>
    </ClCompile>
    <ClCompile Include="Source\cpan\Time-Piece\Piece.c">
      <Filter>Source Files</Filter>
    </ClCompile>
    <ClCompile Include="Source\plan9\plan9.c">
      <Filter>Source Files</Filter>
    </ClCompile>
    <ClCompile Include="Source\dist\IO\poll.c">
      <Filter>Source Files</Filter>
    </ClCompile>
    <ClCompile Include="Source\ext\POSIX\POSIX.c">
      <Filter>Source Files</Filter>
    </ClCompile>
    <ClCompile Include="Source\pp.c">
      <Filter>Source Files</Filter>
    </ClCompile>
    <ClCompile Include="Source\pp_ctl.c">
      <Filter>Source Files</Filter>
    </ClCompile>
    <ClCompile Include="Source\pp_hot.c">
      <Filter>Source Files</Filter>
    </ClCompile>
    <ClCompile Include="Source\pp_pack.c">
      <Filter>Source Files</Filter>
    </ClCompile>
    <ClCompile Include="Source\pp_sort.c">
      <Filter>Source Files</Filter>
    </ClCompile>
    <ClCompile Include="Source\pp_sys.c">
      <Filter>Source Files</Filter>
    </ClCompile>
    <ClCompile Include="Source\qnx\qnx.c">
      <Filter>Source Files</Filter>
    </ClCompile>
    <ClCompile Include="Source\cpan\Compress-Raw-Bzip2\bzip2-src\randtable.c">
      <Filter>Source Files</Filter>
    </ClCompile>
    <ClCompile Include="Source\cpan\Compress-Raw-Bzip2\randtable.c">
      <Filter>Source Files</Filter>
    </ClCompile>
    <ClCompile Include="Source\cpan\Devel-PPPort\RealPPPort.c">
      <Filter>Source Files</Filter>
    </ClCompile>
    <ClCompile Include="Source\reentr.c">
      <Filter>Source Files</Filter>
    </ClCompile>
    <ClCompile Include="Source\regcomp.c">
      <Filter>Source Files</Filter>
    </ClCompile>
    <ClCompile Include="Source\regexec.c">
      <Filter>Source Files</Filter>
    </ClCompile>
    <ClCompile Include="Source\run.c">
      <Filter>Source Files</Filter>
    </ClCompile>
    <ClCompile Include="Source\win32\runperl.c">
      <Filter>Source Files</Filter>
    </ClCompile>
    <ClCompile Include="Source\ext\PerlIO-scalar\scalar.c">
      <Filter>Source Files</Filter>
    </ClCompile>
    <ClCompile Include="Source\scope.c">
      <Filter>Source Files</Filter>
    </ClCompile>
    <ClCompile Include="Source\ext\SDBM_File\sdbm.c">
      <Filter>Source Files</Filter>
    </ClCompile>
    <ClCompile Include="Source\ext\SDBM_File\SDBM_File.c">
      <Filter>Source Files</Filter>
    </ClCompile>
    <ClCompile Include="Source\cpan\Digest-SHA\src\sdf.c">
      <Filter>Source Files</Filter>
    </ClCompile>
    <ClCompile Include="Source\cpan\Encode\JP\sh_06_t.c">
      <Filter>Source Files</Filter>
    </ClCompile>
    <ClCompile Include="Source\cpan\Digest-SHA\SHA.c">
      <Filter>Source Files</Filter>
    </ClCompile>
    <ClCompile Include="Source\cpan\Digest-SHA\src\sha.c">
      <Filter>Source Files</Filter>
    </ClCompile>
    <ClCompile Include="Source\cpan\Digest-SHA\src\sha64bit.c">
      <Filter>Source Files</Filter>
    </ClCompile>
    <ClCompile Include="Source\cpan\Socket\Socket.c">
      <Filter>Source Files</Filter>
    </ClCompile>
    <ClCompile Include="Source\ext\XS-Typemap\stdio.c">
      <Filter>Source Files</Filter>
    </ClCompile>
    <ClCompile Include="Source\dist\Storable\Storable.c">
      <Filter>Source Files</Filter>
    </ClCompile>
    <ClCompile Include="Source\sv.c">
      <Filter>Source Files</Filter>
    </ClCompile>
    <ClCompile Include="Source\NetWare\sv_nw.c">
      <Filter>Source Files</Filter>
    </ClCompile>
    <ClCompile Include="Source\symbian\symbian_stubs.c">
      <Filter>Source Files</Filter>
    </ClCompile>
    <ClCompile Include="Source\cpan\Encode\Symbol\Symbol.c">
      <Filter>Source Files</Filter>
    </ClCompile>
    <ClCompile Include="Source\cpan\Encode\Symbol\symbol_t.c">
      <Filter>Source Files</Filter>
    </ClCompile>
    <ClCompile Include="Source\hints\t001.c">
      <Filter>Source Files</Filter>
    </ClCompile>
    <ClCompile Include="Source\taint.c">
      <Filter>Source Files</Filter>
    </ClCompile>
    <ClCompile Include="Source\time64.c">
      <Filter>Source Files</Filter>
    </ClCompile>
    <ClCompile Include="Source\Porting\timecheck.c">
      <Filter>Source Files</Filter>
    </ClCompile>
    <ClCompile Include="Source\Porting\timecheck2.c">
      <Filter>Source Files</Filter>
    </ClCompile>
    <ClCompile Include="Source\toke.c">
      <Filter>Source Files</Filter>
    </ClCompile>
    <ClCompile Include="Source\cpan\Compress-Raw-Zlib\trees.c">
      <Filter>Source Files</Filter>
    </ClCompile>
    <ClCompile Include="Source\cpan\Compress-Raw-Zlib\zlib-src\trees.c">
      <Filter>Source Files</Filter>
    </ClCompile>
    <ClCompile Include="Source\cpan\Encode\TW\TW.c">
      <Filter>Source Files</Filter>
    </ClCompile>
    <ClCompile Include="Source\NetWare\testnlm\type\type.c">
      <Filter>Source Files</Filter>
    </ClCompile>
    <ClCompile Include="Source\cpan\Compress-Raw-Zlib\uncompr.c">
      <Filter>Source Files</Filter>
    </ClCompile>
    <ClCompile Include="Source\cpan\Compress-Raw-Zlib\zlib-src\uncompr.c">
      <Filter>Source Files</Filter>
    </ClCompile>
    <ClCompile Include="Source\cpan\Encode\Unicode\Unicode.c">
      <Filter>Source Files</Filter>
    </ClCompile>
    <ClCompile Include="Source\universal.c">
      <Filter>Source Files</Filter>
    </ClCompile>
    <ClCompile Include="Source\utf8.c">
      <Filter>Source Files</Filter>
    </ClCompile>
    <ClCompile Include="Source\ext\Hash-Util\Util.c">
      <Filter>Source Files</Filter>
    </ClCompile>
    <ClCompile Include="Source\ext\SDBM_File\util.c">
      <Filter>Source Files</Filter>
    </ClCompile>
    <ClCompile Include="Source\util.c">
      <Filter>Source Files</Filter>
    </ClCompile>
    <ClCompile Include="Source\cpan\DB_File\version.c">
      <Filter>Source Files</Filter>
    </ClCompile>
    <ClCompile Include="Source\ext\PerlIO-via\via.c">
      <Filter>Source Files</Filter>
    </ClCompile>
    <ClCompile Include="Source\vms\vms.c">
      <Filter>Source Files</Filter>
    </ClCompile>
    <ClCompile Include="Source\vos\vos.c">
      <Filter>Source Files</Filter>
    </ClCompile>
    <ClCompile Include="Source\vutil.c">
      <Filter>Source Files</Filter>
    </ClCompile>
    <ClCompile Include="Source\win32\win32.c">
      <Filter>Source Files</Filter>
    </ClCompile>
    <ClCompile Include="Source\win32\win32ceio.c">
      <Filter>Source Files</Filter>
    </ClCompile>
    <ClCompile Include="Source\ext\Win32CORE\Win32CORE.c">
      <Filter>Source Files</Filter>
    </ClCompile>
    <ClCompile Include="Source\win32\win32io.c">
      <Filter>Source Files</Filter>
    </ClCompile>
    <ClCompile Include="Source\win32\win32sck.c">
      <Filter>Source Files</Filter>
    </ClCompile>
    <ClCompile Include="Source\win32\win32thread.c">
      <Filter>Source Files</Filter>
    </ClCompile>
    <ClCompile Include="Source\win32\wince.c">
      <Filter>Source Files</Filter>
    </ClCompile>
    <ClCompile Include="Source\win32\wincesck.c">
      <Filter>Source Files</Filter>
    </ClCompile>
    <ClCompile Include="Source\cpan\Compress-Raw-Zlib\Zlib.c">
      <Filter>Source Files</Filter>
    </ClCompile>
    <ClCompile Include="Source\cpan\Compress-Raw-Zlib\zlib-src\zutil.c">
      <Filter>Source Files</Filter>
    </ClCompile>
    <ClCompile Include="Source\cpan\Compress-Raw-Zlib\zutil.c">
      <Filter>Source Files</Filter>
    </ClCompile>
    <ClCompile Include="Source\NetWare\interface.cpp">
      <Filter>Source Files</Filter>
    </ClCompile>
    <ClCompile Include="Source\NetWare\nwhashcls.cpp">
      <Filter>Source Files</Filter>
    </ClCompile>
    <ClCompile Include="Source\symbian\PerlApp.cpp">
      <Filter>Source Files</Filter>
    </ClCompile>
    <ClCompile Include="Source\symbian\PerlBase.cpp">
      <Filter>Source Files</Filter>
    </ClCompile>
    <ClCompile Include="Source\NetWare\perllib.cpp">
      <Filter>Source Files</Filter>
    </ClCompile>
    <ClCompile Include="Source\symbian\PerlRecog.cpp">
      <Filter>Source Files</Filter>
    </ClCompile>
    <ClCompile Include="Source\symbian\PerlUi.cpp">
      <Filter>Source Files</Filter>
    </ClCompile>
    <ClCompile Include="Source\symbian\PerlUtil.cpp">
      <Filter>Source Files</Filter>
    </ClCompile>
    <ClCompile Include="Source\symbian\symbian_dll.cpp">
      <Filter>Source Files</Filter>
    </ClCompile>
    <ClCompile Include="Source\symbian\symbian_utils.cpp">
      <Filter>Source Files</Filter>
    </ClCompile>
  </ItemGroup>
</Project>